
Microsoft Visual Studio Solution File, Format Version 12.00
# Visual Studio Version 16
VisualStudioVersion = 16.0.34301.259
MinimumVisualStudioVersion = 10.0.40219.1
Project("{FAE04EC0-301F-11D3-BF4B-00C04F79EFBC}") = "Tyuiu.VelizhaninIV.Sprint7.Project.V10", "Tyuiu.VelizhaninIV.Sprint7.Project.V10\Tyuiu.VelizhaninIV.Sprint7.Project.V10.csproj", "{DA4E15EF-EEC5-4D12-9199-146D8DA2DF8B}"
EndProject
Project("{FAE04EC0-301F-11D3-BF4B-00C04F79EFBC}") = "Tyuiu.VelizhaninIV.Sprint7.Project.V10.Lib", "Tyuiu.VelizhaninIV.Sprint7.Project.V10.Lib\Tyuiu.VelizhaninIV.Sprint7.Project.V10.Lib.csproj", "{8A2C7533-A345-471D-9A9F-B9A095D4820D}"
EndProject
Project("{FAE04EC0-301F-11D3-BF4B-00C04F79EFBC}") = "Tyuiu.VelizhaninIV.Sprint7.Project.V10.Test", "Tyuiu.VelizhaninIV.Sprint7.Project.V10.Test\Tyuiu.VelizhaninIV.Sprint7.Project.V10.Test.csproj", "{F2E6EECF-A8AD-4AAC-BA70-8F126297E222}"
EndProject
Global
	GlobalSection(SolutionConfigurationPlatforms) = preSolution
		Debug|Any CPU = Debug|Any CPU
		Release|Any CPU = Release|Any CPU
	EndGlobalSection
	GlobalSection(ProjectConfigurationPlatforms) = postSolution
		{DA4E15EF-EEC5-4D12-9199-146D8DA2DF8B}.Debug|Any CPU.ActiveCfg = Debug|Any CPU
		{DA4E15EF-EEC5-4D12-9199-146D8DA2DF8B}.Debug|Any CPU.Build.0 = Debug|Any CPU
		{DA4E15EF-EEC5-4D12-9199-146D8DA2DF8B}.Release|Any CPU.ActiveCfg = Release|Any CPU
		{DA4E15EF-EEC5-4D12-9199-146D8DA2DF8B}.Release|Any CPU.Build.0 = Release|Any CPU
		{8A2C7533-A345-471D-9A9F-B9A095D4820D}.Debug|Any CPU.ActiveCfg = Debug|Any CPU
		{8A2C7533-A345-471D-9A9F-B9A095D4820D}.Debug|Any CPU.Build.0 = Debug|Any CPU
		{8A2C7533-A345-471D-9A9F-B9A095D4820D}.Release|Any CPU.ActiveCfg = Release|Any CPU
		{8A2C7533-A345-471D-9A9F-B9A095D4820D}.Release|Any CPU.Build.0 = Release|Any CPU
		{F2E6EECF-A8AD-4AAC-BA70-8F126297E222}.Debug|Any CPU.ActiveCfg = Debug|Any CPU
		{F2E6EECF-A8AD-4AAC-BA70-8F126297E222}.Debug|Any CPU.Build.0 = Debug|Any CPU
		{F2E6EECF-A8AD-4AAC-BA70-8F126297E222}.Release|Any CPU.ActiveCfg = Release|Any CPU
		{F2E6EECF-A8AD-4AAC-BA70-8F126297E222}.Release|Any CPU.Build.0 = Release|Any CPU
	EndGlobalSection
	GlobalSection(SolutionProperties) = preSolution
		HideSolutionNode = FALSE
	EndGlobalSection
	GlobalSection(ExtensibilityGlobals) = postSolution
		SolutionGuid = {41F66E86-1EE3-4A8E-826E-2F704D04D8E1}
	EndGlobalSection
EndGlobal
